<Solution>
  <Project Path="UuidByString/UuidByString.csproj" Id="28a9a65b-5944-4979-b12c-3822bf7808ea" />
  <Project Path="UuidByString.Tests/UuidByString.Tests.csproj" Id="1a32b2e8-c69a-4a5f-9b8c-8e2f6d4a3e7f" />
  <Project Path="UuidByStringCreator/UuidByStringCreator.csproj" Id="afd4dc33-dfcd-4813-992d-a596d0ffff12" />
</Solution>
